
Microsoft Visual Studio Solution File, Format Version 9.00
# Visual Studio 2005
Project("{8BC9CEB8-8B4A-11D0-8D11-00A0C91BC942}") = "libascend", "libascend.vcproj", "{C0E4777C-12C0-46D7-9050-63933FC722A8}"
EndProject
Global
	GlobalSection(SolutionConfigurationPlatforms) = preSolution
		Debug|Win32 = Debug|Win32
		Release|Win32 = Release|Win32
	EndGlobalSection
	GlobalSection(ProjectConfigurationPlatforms) = postSolution
		{C0E4777C-12C0-46D7-9050-63933FC722A8}.Debug|Win32.ActiveCfg = Debug|Win32
		{C0E4777C-12C0-46D7-9050-63933FC722A8}.Debug|Win32.Build.0 = Debug|Win32
		{C0E4777C-12C0-46D7-9050-63933FC722A8}.Release|Win32.ActiveCfg = Release|Win32
		{C0E4777C-12C0-46D7-9050-63933FC722A8}.Release|Win32.Build.0 = Release|Win32
	EndGlobalSection
	GlobalSection(SolutionProperties) = preSolution
		HideSolutionNode = FALSE
	EndGlobalSection
EndGlobal
